// !$*UTF8*$!
{
	archiveVersion = 1;
	classes = {
	};
	objectVersion = 46;
	objects = {

/* Begin PBXBuildFile section */
		11F166911D21B17F006D6B33 /* AppDelegate.swift in Sources */ = {isa = PBXBuildFile; fileRef = 11F166901D21B17F006D6B33 /* AppDelegate.swift */; };
		11F166931D21B17F006D6B33 /* ViewController.swift in Sources */ = {isa = PBXBuildFile; fileRef = 11F166921D21B17F006D6B33 /* ViewController.swift */; };
		11F166961D21B17F006D6B33 /* Main.storyboard in Resources */ = {isa = PBXBuildFile; fileRef = 11F166941D21B17F006D6B33 /* Main.storyboard */; };
		11F166981D21B17F006D6B33 /* Assets.xcassets in Resources */ = {isa = PBXBuildFile; fileRef = 11F166971D21B17F006D6B33 /* Assets.xcassets */; };
		11F1669B1D21B17F006D6B33 /* LaunchScreen.storyboard in Resources */ = {isa = PBXBuildFile; fileRef = 11F166991D21B17F006D6B33 /* LaunchScreen.storyboard */; };
		11F166A61D21B180006D6B33 /* GestureDrivenAnimationsTests.swift in Sources */ = {isa = PBXBuildFile; fileRef = 11F166A51D21B180006D6B33 /* GestureDrivenAnimationsTests.swift */; };
		11F166B11D21B180006D6B33 /* GestureDrivenAnimationsUITests.swift in Sources */ = {isa = PBXBuildFile; fileRef = 11F166B01D21B180006D6B33 /* GestureDrivenAnimationsUITests.swift */; };
		11F166BF1D21B23D006D6B33 /* Interpolate in Resources */ = {isa = PBXBuildFile; fileRef = 11F166BE1D21B23D006D6B33 /* Interpolate */; };
		11F166D31D21B2D5006D6B33 /* Interpolate.framework in Frameworks */ = {isa = PBXBuildFile; fileRef = 11F166C71D21B246006D6B33 /* Interpolate.framework */; };
		11F166D41D21B2D5006D6B33 /* Interpolate.framework in Embed Frameworks */ = {isa = PBXBuildFile; fileRef = 11F166C71D21B246006D6B33 /* Interpolate.framework */; settings = {ATTRIBUTES = (CodeSignOnCopy, RemoveHeadersOnCopy, ); }; };
/* End PBXBuildFile section */

/* Begin PBXContainerItemProxy section */
		11F166A21D21B180006D6B33 /* PBXContainerItemProxy */ = {
			isa = PBXContainerItemProxy;
			containerPortal = 11F166851D21B17F006D6B33 /* Project object */;
			proxyType = 1;
			remoteGlobalIDString = 11F1668C1D21B17F006D6B33;
			remoteInfo = GestureDrivenAnimations;
		};
		11F166AD1D21B180006D6B33 /* PBXContainerItemProxy */ = {
			isa = PBXContainerItemProxy;
			containerPortal = 11F166851D21B17F006D6B33 /* Project object */;
			proxyType = 1;
			remoteGlobalIDString = 11F1668C1D21B17F006D6B33;
			remoteInfo = GestureDrivenAnimations;
		};
		11F166C61D21B246006D6B33 /* PBXContainerItemProxy */ = {
			isa = PBXContainerItemProxy;
			containerPortal = 11F166C01D21B246006D6B33 /* Interpolate.xcodeproj */;
			proxyType = 2;
			remoteGlobalIDString = 3448A0E21CBA2A1A00E818C2;
			remoteInfo = Interpolate;
		};
		11F166C81D21B246006D6B33 /* PBXContainerItemProxy */ = {
			isa = PBXContainerItemProxy;
			containerPortal = 11F166C01D21B246006D6B33 /* Interpolate.xcodeproj */;
			proxyType = 2;
			remoteGlobalIDString = 3440B2621CDFD0B3009A7712;
			remoteInfo = "Interpolate tvOS";
		};
		11F166CA1D21B246006D6B33 /* PBXContainerItemProxy */ = {
			isa = PBXContainerItemProxy;
			containerPortal = 11F166C01D21B246006D6B33 /* Interpolate.xcodeproj */;
			proxyType = 2;
			remoteGlobalIDString = 3448A0EC1CBA2A1B00E818C2;
			remoteInfo = InterpolateTests;
		};
		11F166D51D21B2D5006D6B33 /* PBXContainerItemProxy */ = {
			isa = PBXContainerItemProxy;
			containerPortal = 11F166C01D21B246006D6B33 /* Interpolate.xcodeproj */;
			proxyType = 1;
			remoteGlobalIDString = 3448A0E11CBA2A1A00E818C2;
			remoteInfo = Interpolate;
		};
/* End PBXContainerItemProxy section */

/* Begin PBXCopyFilesBuildPhase section */
		11F166D71D21B2D5006D6B33 /* Embed Frameworks */ = {
			isa = PBXCopyFilesBuildPhase;
			buildActionMask = 2147483647;
			dstPath = "";
			dstSubfolderSpec = 10;
			files = (
				11F166D41D21B2D5006D6B33 /* Interpolate.framework in Embed Frameworks */,
			);
			name = "Embed Frameworks";
			runOnlyForDeploymentPostprocessing = 0;
		};
/* End PBXCopyFilesBuildPhase section */

/* Begin PBXFileReference section */
		11F1668D1D21B17F006D6B33 /* GestureDrivenAnimations.app */ = {isa = PBXFileReference; explicitFileType = wrapper.application; includeInIndex = 0; path = GestureDrivenAnimations.app; sourceTree = BUILT_PRODUCTS_DIR; };
		11F166901D21B17F006D6B33 /* AppDelegate.swift */ = {isa = PBXFileReference; lastKnownFileType = sourcecode.swift; path = AppDelegate.swift; sourceTree = "<group>"; };
		11F166921D21B17F006D6B33 /* ViewController.swift */ = {isa = PBXFileReference; lastKnownFileType = sourcecode.swift; path = ViewController.swift; sourceTree = "<group>"; };
		11F166951D21B17F006D6B33 /* Base */ = {isa = PBXFileReference; lastKnownFileType = file.storyboard; name = Base; path = Base.lproj/Main.storyboard; sourceTree = "<group>"; };
		11F166971D21B17F006D6B33 /* Assets.xcassets */ = {isa = PBXFileReference; lastKnownFileType = folder.assetcatalog; path = Assets.xcassets; sourceTree = "<group>"; };
		11F1669A1D21B17F006D6B33 /* Base */ = {isa = PBXFileReference; lastKnownFileType = file.storyboard; name = Base; path = Base.lproj/LaunchScreen.storyboard; sourceTree = "<group>"; };
		11F1669C1D21B17F006D6B33 /* Info.plist */ = {isa = PBXFileReference; lastKnownFileType = text.plist.xml; path = Info.plist; sourceTree = "<group>"; };
		11F166A11D21B180006D6B33 /* GestureDrivenAnimationsTests.xctest */ = {isa = PBXFileReference; explicitFileType = wrapper.cfbundle; includeInIndex = 0; path = GestureDrivenAnimationsTests.xctest; sourceTree = BUILT_PRODUCTS_DIR; };
		11F166A51D21B180006D6B33 /* GestureDrivenAnimationsTests.swift */ = {isa = PBXFileReference; lastKnownFileType = sourcecode.swift; path = GestureDrivenAnimationsTests.swift; sourceTree = "<group>"; };
		11F166A71D21B180006D6B33 /* Info.plist */ = {isa = PBXFileReference; lastKnownFileType = text.plist.xml; path = Info.plist; sourceTree = "<group>"; };
		11F166AC1D21B180006D6B33 /* GestureDrivenAnimationsUITests.xctest */ = {isa = PBXFileReference; explicitFileType = wrapper.cfbundle; includeInIndex = 0; path = GestureDrivenAnimationsUITests.xctest; sourceTree = BUILT_PRODUCTS_DIR; };
		11F166B01D21B180006D6B33 /* GestureDrivenAnimationsUITests.swift */ = {isa = PBXFileReference; lastKnownFileType = sourcecode.swift; path = GestureDrivenAnimationsUITests.swift; sourceTree = "<group>"; };
		11F166B21D21B180006D6B33 /* Info.plist */ = {isa = PBXFileReference; lastKnownFileType = text.plist.xml; path = Info.plist; sourceTree = "<group>"; };
		11F166BE1D21B23D006D6B33 /* Interpolate */ = {isa = PBXFileReference; lastKnownFileType = folder; path = Interpolate; sourceTree = "<group>"; };
		11F166C01D21B246006D6B33 /* Interpolate.xcodeproj */ = {isa = PBXFileReference; lastKnownFileType = "wrapper.pb-project"; name = Interpolate.xcodeproj; path = ../../../Downloads/Interpolate/Interpolate.xcodeproj; sourceTree = "<group>"; };
/* End PBXFileReference section */

/* Begin PBXFrameworksBuildPhase section */
		11F1668A1D21B17F006D6B33 /* Frameworks */ = {
			isa = PBXFrameworksBuildPhase;
			buildActionMask = 2147483647;
			files = (
				11F166D31D21B2D5006D6B33 /* Interpolate.framework in Frameworks */,
			);
			runOnlyForDeploymentPostprocessing = 0;
		};
		11F1669E1D21B180006D6B33 /* Frameworks */ = {
			isa = PBXFrameworksBuildPhase;
			buildActionMask = 2147483647;
			files = (
			);
			runOnlyForDeploymentPostprocessing = 0;
		};
		11F166A91D21B180006D6B33 /* Frameworks */ = {
			isa = PBXFrameworksBuildPhase;
			buildActionMask = 2147483647;
			files = (
			);
			runOnlyForDeploymentPostprocessing = 0;
		};
/* End PBXFrameworksBuildPhase section */

/* Begin PBXGroup section */
		11F166841D21B17F006D6B33 = {
			isa = PBXGroup;
			children = (
				11F166BE1D21B23D006D6B33 /* Interpolate */,
				11F166C01D21B246006D6B33 /* Interpolate.xcodeproj */,
				11F1668F1D21B17F006D6B33 /* GestureDrivenAnimations */,
				11F166A41D21B180006D6B33 /* GestureDrivenAnimationsTests */,
				11F166AF1D21B180006D6B33 /* GestureDrivenAnimationsUITests */,
				11F1668E1D21B17F006D6B33 /* Products */,
			);
			sourceTree = "<group>";
		};
		11F1668E1D21B17F006D6B33 /* Products */ = {
			isa = PBXGroup;
			children = (
				11F1668D1D21B17F006D6B33 /* GestureDrivenAnimations.app */,
				11F166A11D21B180006D6B33 /* GestureDrivenAnimationsTests.xctest */,
				11F166AC1D21B180006D6B33 /* GestureDrivenAnimationsUITests.xctest */,
			);
			name = Products;
			sourceTree = "<group>";
		};
		11F1668F1D21B17F006D6B33 /* GestureDrivenAnimations */ = {
			isa = PBXGroup;
			children = (
				11F166901D21B17F006D6B33 /* AppDelegate.swift */,
				11F166921D21B17F006D6B33 /* ViewController.swift */,
				11F166941D21B17F006D6B33 /* Main.storyboard */,
				11F166971D21B17F006D6B33 /* Assets.xcassets */,
				11F166991D21B17F006D6B33 /* LaunchScreen.storyboard */,
				11F1669C1D21B17F006D6B33 /* Info.plist */,
			);
			path = GestureDrivenAnimations;
			sourceTree = "<group>";
		};
		11F166A41D21B180006D6B33 /* GestureDrivenAnimationsTests */ = {
			isa = PBXGroup;
			children = (
				11F166A51D21B180006D6B33 /* GestureDrivenAnimationsTests.swift */,
				11F166A71D21B180006D6B33 /* Info.plist */,
			);
			path = GestureDrivenAnimationsTests;
			sourceTree = "<group>";
		};
		11F166AF1D21B180006D6B33 /* GestureDrivenAnimationsUITests */ = {
			isa = PBXGroup;
			children = (
				11F166B01D21B180006D6B33 /* GestureDrivenAnimationsUITests.swift */,
				11F166B21D21B180006D6B33 /* Info.plist */,
			);
			path = GestureDrivenAnimationsUITests;
			sourceTree = "<group>";
		};
		11F166C11D21B246006D6B33 /* Products */ = {
			isa = PBXGroup;
			children = (
				11F166C71D21B246006D6B33 /* Interpolate.framework */,
				11F166C91D21B246006D6B33 /* Interpolate.framework */,
				11F166CB1D21B246006D6B33 /* InterpolateTests.xctest */,
			);
			name = Products;
			sourceTree = "<group>";
		};
/* End PBXGroup section */

/* Begin PBXNativeTarget section */
		11F1668C1D21B17F006D6B33 /* GestureDrivenAnimations */ = {
			isa = PBXNativeTarget;
			buildConfigurationList = 11F166B51D21B180006D6B33 /* Build configuration list for PBXNativeTarget "GestureDrivenAnimations" */;
			buildPhases = (
				11F166891D21B17F006D6B33 /* Sources */,
				11F1668A1D21B17F006D6B33 /* Frameworks */,
				11F1668B1D21B17F006D6B33 /* Resources */,
				11F166D71D21B2D5006D6B33 /* Embed Frameworks */,
			);
			buildRules = (
			);
			dependencies = (
				11F166D61D21B2D5006D6B33 /* PBXTargetDependency */,
			);
			name = GestureDrivenAnimations;
			productName = GestureDrivenAnimations;
			productReference = 11F1668D1D21B17F006D6B33 /* GestureDrivenAnimations.app */;
			productType = "com.apple.product-type.application";
		};
		11F166A01D21B180006D6B33 /* GestureDrivenAnimationsTests */ = {
			isa = PBXNativeTarget;
			buildConfigurationList = 11F166B81D21B180006D6B33 /* Build configuration list for PBXNativeTarget "GestureDrivenAnimationsTests" */;
			buildPhases = (
				11F1669D1D21B180006D6B33 /* Sources */,
				11F1669E1D21B180006D6B33 /* Frameworks */,
				11F1669F1D21B180006D6B33 /* Resources */,
			);
			buildRules = (
			);
			dependencies = (
				11F166A31D21B180006D6B33 /* PBXTargetDependency */,
			);
			name = GestureDrivenAnimationsTests;
			productName = GestureDrivenAnimationsTests;
			productReference = 11F166A11D21B180006D6B33 /* GestureDrivenAnimationsTests.xctest */;
			productType = "com.apple.product-type.bundle.unit-test";
		};
		11F166AB1D21B180006D6B33 /* GestureDrivenAnimationsUITests */ = {
			isa = PBXNativeTarget;
			buildConfigurationList = 11F166BB1D21B180006D6B33 /* Build configuration list for PBXNativeTarget "GestureDrivenAnimationsUITests" */;
			buildPhases = (
				11F166A81D21B180006D6B33 /* Sources */,
				11F166A91D21B180006D6B33 /* Frameworks */,
				11F166AA1D21B180006D6B33 /* Resources */,
			);
			buildRules = (
			);
			dependencies = (
				11F166AE1D21B180006D6B33 /* PBXTargetDependency */,
			);
			name = GestureDrivenAnimationsUITests;
			productName = GestureDrivenAnimationsUITests;
			productReference = 11F166AC1D21B180006D6B33 /* GestureDrivenAnimationsUITests.xctest */;
			productType = "com.apple.product-type.bundle.ui-testing";
		};
/* End PBXNativeTarget section */

/* Begin PBXProject section */
		11F166851D21B17F006D6B33 /* Project object */ = {
			isa = PBXProject;
			attributes = {
				LastSwiftUpdateCheck = 0730;
				LastUpgradeCheck = 0730;
				ORGANIZATIONNAME = KevinHou;
				TargetAttributes = {
					11F1668C1D21B17F006D6B33 = {
						CreatedOnToolsVersion = 7.3.1;
					};
					11F166A01D21B180006D6B33 = {
						CreatedOnToolsVersion = 7.3.1;
						TestTargetID = 11F1668C1D21B17F006D6B33;
					};
					11F166AB1D21B180006D6B33 = {
						CreatedOnToolsVersion = 7.3.1;
						TestTargetID = 11F1668C1D21B17F006D6B33;
					};
				};
			};
			buildConfigurationList = 11F166881D21B17F006D6B33 /* Build configuration list for PBXProject "GestureDrivenAnimations" */;
			compatibilityVersion = "Xcode 3.2";
			developmentRegion = English;
			hasScannedForEncodings = 0;
			knownRegions = (
				en,
				Base,
			);
			mainGroup = 11F166841D21B17F006D6B33;
			productRefGroup = 11F1668E1D21B17F006D6B33 /* Products */;
			projectDirPath = "";
			projectReferences = (
				{
					ProductGroup = 11F166C11D21B246006D6B33 /* Products */;
					ProjectRef = 11F166C01D21B246006D6B33 /* Interpolate.xcodeproj */;
				},
			);
			projectRoot = "";
			targets = (
				11F1668C1D21B17F006D6B33 /* GestureDrivenAnimations */,
				11F166A01D21B180006D6B33 /* GestureDrivenAnimationsTests */,
				11F166AB1D21B180006D6B33 /* GestureDrivenAnimationsUITests */,
			);
		};
/* End PBXProject section */

/* Begin PBXReferenceProxy section */
		11F166C71D21B246006D6B33 /* Interpolate.framework */ = {
			isa = PBXReferenceProxy;
			fileType = wrapper.framework;
			path = Interpolate.framework;
			remoteRef = 11F166C61D21B246006D6B33 /* PBXContainerItemProxy */;
			sourceTree = BUILT_PRODUCTS_DIR;
		};
		11F166C91D21B246006D6B33 /* Interpolate.framework */ = {
			isa = PBXReferenceProxy;
			fileType = wrapper.framework;
			path = Interpolate.framework;
			remoteRef = 11F166C81D21B246006D6B33 /* PBXContainerItemProxy */;
			sourceTree = BUILT_PRODUCTS_DIR;
		};
		11F166CB1D21B246006D6B33 /* InterpolateTests.xctest */ = {
			isa = PBXReferenceProxy;
			fileType = wrapper.cfbundle;
			path = InterpolateTests.xctest;
			remoteRef = 11F166CA1D21B246006D6B33 /* PBXContainerItemProxy */;
			sourceTree = BUILT_PRODUCTS_DIR;
		};
/* End PBXReferenceProxy section */

/* Begin PBXResourcesBuildPhase section */
		11F1668B1D21B17F006D6B33 /* Resources */ = {
			isa = PBXResourcesBuildPhase;
			buildActionMask = 2147483647;
			files = (
				11F1669B1D21B17F006D6B33 /* LaunchScreen.storyboard in Resources */,
				11F166981D21B17F006D6B33 /* Assets.xcassets in Resources */,
				11F166BF1D21B23D006D6B33 /* Interpolate in Resources */,
				11F166961D21B17F006D6B33 /* Main.storyboard in Resources */,
			);
			runOnlyForDeploymentPostprocessing = 0;
		};
		11F1669F1D21B180006D6B33 /* Resources */ = {
			isa = PBXResourcesBuildPhase;
			buildActionMask = 2147483647;
			files = (
			);
			runOnlyForDeploymentPostprocessing = 0;
		};
		11F166AA1D21B180006D6B33 /* Resources */ = {
			isa = PBXResourcesBuildPhase;
			buildActionMask = 2147483647;
			files = (
			);
			runOnlyForDeploymentPostprocessing = 0;
		};
/* End PBXResourcesBuildPhase section */

/* Begin PBXSourcesBuildPhase section */
		11F166891D21B17F006D6B33 /* Sources */ = {
			isa = PBXSourcesBuildPhase;
			buildActionMask = 2147483647;
			files = (
				11F166931D21B17F006D6B33 /* ViewController.swift in Sources */,
				11F166911D21B17F006D6B33 /* AppDelegate.swift in Sources */,
			);
			runOnlyForDeploymentPostprocessing = 0;
		};
		11F1669D1D21B180006D6B33 /* Sources */ = {
			isa = PBXSourcesBuildPhase;
			buildActionMask = 2147483647;
			files = (
				11F166A61D21B180006D6B33 /* GestureDrivenAnimationsTests.swift in Sources */,
			);
			runOnlyForDeploymentPostprocessing = 0;
		};
		11F166A81D21B180006D6B33 /* Sources */ = {
			isa = PBXSourcesBuildPhase;
			buildActionMask = 2147483647;
			files = (
				11F166B11D21B180006D6B33 /* GestureDrivenAnimationsUITests.swift in Sources */,
			);
			runOnlyForDeploymentPostprocessing = 0;
		};
/* End PBXSourcesBuildPhase section */

/* Begin PBXTargetDependency section */
		11F166A31D21B180006D6B33 /* PBXTargetDependency */ = {
			isa = PBXTargetDependency;
			target = 11F1668C1D21B17F006D6B33 /* GestureDrivenAnimations */;
			targetProxy = 11F166A21D21B180006D6B33 /* PBXContainerItemProxy */;
		};
		11F166AE1D21B180006D6B33 /* PBXTargetDependency */ = {
			isa = PBXTargetDependency;
			target = 11F1668C1D21B17F006D6B33 /* GestureDrivenAnimations */;
			targetProxy = 11F166AD1D21B180006D6B33 /* PBXContainerItemProxy */;
		};
		11F166D61D21B2D5006D6B33 /* PBXTargetDependency */ = {
			isa = PBXTargetDependency;
			name = Interpolate;
			targetProxy = 11F166D51D21B2D5006D6B33 /* PBXContainerItemProxy */;
		};
/* End PBXTargetDependency section */

/* Begin PBXVariantGroup section */
		11F166941D21B17F006D6B33 /* Main.storyboard */ = {
			isa = PBXVariantGroup;
			children = (
				11F166951D21B17F006D6B33 /* Base */,
			);
			name = Main.storyboard;
			sourceTree = "<group>";
		};
		11F166991D21B17F006D6B33 /* LaunchScreen.storyboard */ = {
			isa = PBXVariantGroup;
			children = (
				11F1669A1D21B17F006D6B33 /* Base */,
			);
			name = LaunchScreen.storyboard;
			sourceTree = "<group>";
		};
/* End PBXVariantGroup section */

/* Begin XCBuildConfiguration section */
		11F166B31D21B180006D6B33 /* Debug */ = {
			isa = XCBuildConfiguration;
			buildSettings = {
				ALWAYS_SEARCH_USER_PATHS = NO;
				CLANG_ANALYZER_NONNULL = YES;
				CLANG_CXX_LANGUAGE_STANDARD = "gnu++0x";
				CLANG_CXX_LIBRARY = "libc++";
				CLANG_ENABLE_MODULES = YES;
				CLANG_ENABLE_OBJC_ARC = YES;
				CLANG_WARN_BOOL_CONVERSION = YES;
				CLANG_WARN_CONSTANT_CONVERSION = YES;
				CLANG_WARN_DIRECT_OBJC_ISA_USAGE = YES_ERROR;
				CLANG_WARN_EMPTY_BODY = YES;
				CLANG_WARN_ENUM_CONVERSION = YES;
				CLANG_WARN_INT_CONVERSION = YES;
				CLANG_WARN_OBJC_ROOT_CLASS = YES_ERROR;
				CLANG_WARN_UNREACHABLE_CODE = YES;
				CLANG_WARN__DUPLICATE_METHOD_MATCH = YES;
				"CODE_SIGN_IDENTITY[sdk=iphoneos*]" = "iPhone Developer";
				COPY_PHASE_STRIP = NO;
				DEBUG_INFORMATION_FORMAT = dwarf;
				ENABLE_STRICT_OBJC_MSGSEND = YES;
				ENABLE_TESTABILITY = YES;
				GCC_C_LANGUAGE_STANDARD = gnu99;
				GCC_DYNAMIC_NO_PIC = NO;
				GCC_NO_COMMON_BLOCKS = YES;
				GCC_OPTIMIZATION_LEVEL = 0;
				GCC_PREPROCESSOR_DEFINITIONS = (
					"DEBUG=1",
					"$(inherited)",
				);
				GCC_WARN_64_TO_32_BIT_CONVERSION = YES;
				GCC_WARN_ABOUT_RETURN_TYPE = YES_ERROR;
				GCC_WARN_UNDECLARED_SELECTOR = YES;
				GCC_WARN_UNINITIALIZED_AUTOS = YES_AGGRESSIVE;
				GCC_WARN_UNUSED_FUNCTION = YES;
				GCC_WARN_UNUSED_VARIABLE = YES;
				IPHONEOS_DEPLOYMENT_TARGET = 9.3;
				MTL_ENABLE_DEBUG_INFO = YES;
				ONLY_ACTIVE_ARCH = YES;
				SDKROOT = iphoneos;
				SWIFT_OPTIMIZATION_LEVEL = "-Onone";
			};
			name = Debug;
		};
		11F166B41D21B180006D6B33 /* Release */ = {
			isa = XCBuildConfiguration;
			buildSettings = {
				ALWAYS_SEARCH_USER_PATHS = NO;
				CLANG_ANALYZER_NONNULL = YES;
				CLANG_CXX_LANGUAGE_STANDARD = "gnu++0x";
				CLANG_CXX_LIBRARY = "libc++";
				CLANG_ENABLE_MODULES = YES;
				CLANG_ENABLE_OBJC_ARC = YES;
				CLANG_WARN_BOOL_CONVERSION = YES;
				CLANG_WARN_CONSTANT_CONVERSION = YES;
				CLANG_WARN_DIRECT_OBJC_ISA_USAGE = YES_ERROR;
				CLANG_WARN_EMPTY_BODY = YES;
				CLANG_WARN_ENUM_CONVERSION = YES;
				CLANG_WARN_INT_CONVERSION = YES;
				CLANG_WARN_OBJC_ROOT_CLASS = YES_ERROR;
				CLANG_WARN_UNREACHABLE_CODE = YES;
				CLANG_WARN__DUPLICATE_METHOD_MATCH = YES;
				"CODE_SIGN_IDENTITY[sdk=iphoneos*]" = "iPhone Developer";
				COPY_PHASE_STRIP = NO;
				DEBUG_INFORMATION_FORMAT = "dwarf-with-dsym";
				ENABLE_NS_ASSERTIONS = NO;
				ENABLE_STRICT_OBJC_MSGSEND = YES;
				GCC_C_LANGUAGE_STANDARD = gnu99;
				GCC_NO_COMMON_BLOCKS = YES;
				GCC_WARN_64_TO_32_BIT_CONVERSION = YES;
				GCC_WARN_ABOUT_RETURN_TYPE = YES_ERROR;
				GCC_WARN_UNDECLARED_SELECTOR = YES;
				GCC_WARN_UNINITIALIZED_AUTOS = YES_AGGRESSIVE;
				GCC_WARN_UNUSED_FUNCTION = YES;
				GCC_WARN_UNUSED_VARIABLE = YES;
				IPHONEOS_DEPLOYMENT_TARGET = 9.3;
				MTL_ENABLE_DEBUG_INFO = NO;
				SDKROOT = iphoneos;
				VALIDATE_PRODUCT = YES;
			};
			name = Release;
		};
		11F166B61D21B180006D6B33 /* Debug */ = {
			isa = XCBuildConfiguration;
			buildSettings = {
				ASSETCATALOG_COMPILER_APPICON_NAME = AppIcon;
				EMBEDDED_CONTENT_CONTAINS_SWIFT = YES;
				INFOPLIST_FILE = GestureDrivenAnimations/Info.plist;
				LD_RUNPATH_SEARCH_PATHS = "$(inherited) @executable_path/Frameworks";
				PRODUCT_BUNDLE_IDENTIFIER = com.KevinHou.GestureDrivenAnimations;
				PRODUCT_NAME = "$(TARGET_NAME)";
			};
			name = Debug;
		};
		11F166B71D21B180006D6B33 /* Release */ = {
			isa = XCBuildConfiguration;
			buildSettings = {
				ASSETCATALOG_COMPILER_APPICON_NAME = AppIcon;
				EMBEDDED_CONTENT_CONTAINS_SWIFT = YES;
				INFOPLIST_FILE = GestureDrivenAnimations/Info.plist;
				LD_RUNPATH_SEARCH_PATHS = "$(inherited) @executable_path/Frameworks";
				PRODUCT_BUNDLE_IDENTIFIER = com.KevinHou.GestureDrivenAnimations;
				PRODUCT_NAME = "$(TARGET_NAME)";
			};
			name = Release;
		};
		11F166B91D21B180006D6B33 /* Debug */ = {
			isa = XCBuildConfiguration;
			buildSettings = {
				BUNDLE_LOADER = "$(TEST_HOST)";
				INFOPLIST_FILE = GestureDrivenAnimationsTests/Info.plist;
				LD_RUNPATH_SEARCH_PATHS = "$(inherited) @executable_path/Frameworks @loader_path/Frameworks";
				PRODUCT_BUNDLE_IDENTIFIER = com.KevinHou.GestureDrivenAnimationsTests;
				PRODUCT_NAME = "$(TARGET_NAME)";
				TEST_HOST = "$(BUILT_PRODUCTS_DIR)/GestureDrivenAnimations.app/GestureDrivenAnimations";
			};
			name = Debug;
		};
		11F166BA1D21B180006D6B33 /* Release */ = {
			isa = XCBuildConfiguration;
			buildSettings = {
				BUNDLE_LOADER = "$(TEST_HOST)";
				INFOPLIST_FILE = GestureDrivenAnimationsTests/Info.plist;
				LD_RUNPATH_SEARCH_PATHS = "$(inherited) @executable_path/Frameworks @loader_path/Frameworks";
				PRODUCT_BUNDLE_IDENTIFIER = com.KevinHou.GestureDrivenAnimationsTests;
				PRODUCT_NAME = "$(TARGET_NAME)";
				TEST_HOST = "$(BUILT_PRODUCTS_DIR)/GestureDrivenAnimations.app/GestureDrivenAnimations";
			};
			name = Release;
		};
		11F166BC1D21B180006D6B33 /* Debug */ = {
			isa = XCBuildConfiguration;
			buildSettings = {
				INFOPLIST_FILE = GestureDrivenAnimationsUITests/Info.plist;
				LD_RUNPATH_SEARCH_PATHS = "$(inherited) @executable_path/Frameworks @loader_path/Frameworks";
				PRODUCT_BUNDLE_IDENTIFIER = com.KevinHou.GestureDrivenAnimationsUITests;
				PRODUCT_NAME = "$(TARGET_NAME)";
				TEST_TARGET_NAME = GestureDrivenAnimations;
			};
			name = Debug;
		};
		11F166BD1D21B180006D6B33 /* Release */ = {
			isa = XCBuildConfiguration;
			buildSettings = {
				INFOPLIST_FILE = GestureDrivenAnimationsUITests/Info.plist;
				LD_RUNPATH_SEARCH_PATHS = "$(inherited) @executable_path/Frameworks @loader_path/Frameworks";
				PRODUCT_BUNDLE_IDENTIFIER = com.KevinHou.GestureDrivenAnimationsUITests;
				PRODUCT_NAME = "$(TARGET_NAME)";
				TEST_TARGET_NAME = GestureDrivenAnimations;
			};
			name = Release;
		};
/* End XCBuildConfiguration section */

/* Begin XCConfigurationList section */
		11F166881D21B17F006D6B33 /* Build configuration list for PBXProject "GestureDrivenAnimations" */ = {
			isa = XCConfigurationList;
			buildConfigurations = (
				11F166B31D21B180006D6B33 /* Debug */,
				11F166B41D21B180006D6B33 /* Release */,
			);
			defaultConfigurationIsVisible = 0;
			defaultConfigurationName = Release;
		};
		11F166B51D21B180006D6B33 /* Build configuration list for PBXNativeTarget "GestureDrivenAnimations" */ = {
			isa = XCConfigurationList;
			buildConfigurations = (
				11F166B61D21B180006D6B33 /* Debug */,
				11F166B71D21B180006D6B33 /* Release */,
			);
			defaultConfigurationIsVisible = 0;
		};
		11F166B81D21B180006D6B33 /* Build configuration list for PBXNativeTarget "GestureDrivenAnimationsTests" */ = {
			isa = XCConfigurationList;
			buildConfigurations = (
				11F166B91D21B180006D6B33 /* Debug */,
				11F166BA1D21B180006D6B33 /* Release */,
			);
			defaultConfigurationIsVisible = 0;
		};
		11F166BB1D21B180006D6B33 /* Build configuration list for PBXNativeTarget "GestureDrivenAnimationsUITests" */ = {
			isa = XCConfigurationList;
			buildConfigurations = (
				11F166BC1D21B180006D6B33 /* Debug */,
				11F166BD1D21B180006D6B33 /* Release */,
			);
			defaultConfigurationIsVisible = 0;
		};
/* End XCConfigurationList section */
	};
	rootObject = 11F166851D21B17F006D6B33 /* Project object */;
}
